# THIS IS AN AUTOGENERATED FILE. DO NOT EDIT THIS FILE DIRECTLY.
# yarn lockfile v1


"@babel/runtime@^7.3.1":
  version "7.4.3"
  resolved "http://registry.npm.taobao.org/@babel/runtime/download/@babel/runtime-7.4.3.tgz?cache=0&other_urls=http%3A%2F%2Fregistry.npm.taobao.org%2F%40babel%2Fruntime%2Fdownload%2F%40babel%2Fruntime-7.4.3.tgz#79888e452034223ad9609187a0ad1fe0d2ad4bdc"
  integrity sha1-eYiORSA0IjrZYJGHoK0f4NKtS9w=
  dependencies:
    regenerator-runtime "^0.13.2"

"@types/prop-types@*":
  version "15.7.0"
  resolved "http://registry.npm.taobao.org/@types/prop-types/download/@types/prop-types-15.7.0.tgz#4c48fed958d6dcf9487195a0ef6456d5f6e0163a"
  integrity sha1-TEj+2VjW3PlIcZWg72RW1fbgFjo=

"@types/react-dom@^16.8.3":
  version "16.8.3"
  resolved "http://registry.npm.taobao.org/@types/react-dom/download/@types/react-dom-16.8.3.tgz#6131b7b6158bc7ed1925a3374b88b7c00481f0cb"
  integrity sha1-YTG3thWLx+0ZJaM3S4i3wASB8Ms=
  dependencies:
    "@types/react" "*"

"@types/react@*", "@types/react@^16.8.13":
  version "16.8.13"
  resolved "http://registry.npm.taobao.org/@types/react/download/@types/react-16.8.13.tgz#a82b15aad9ab91c40edca0d6889b7745ae24f053"
  integrity sha1-qCsVqtmrkcQO3KDWiJt3Ra4k8FM=
  dependencies:
    "@types/prop-types" "*"
    csstype "^2.2.0"

arg@^4.1.0:
  version "4.1.0"
  resolved "http://registry.npm.taobao.org/arg/download/arg-4.1.0.tgz#583c518199419e0037abb74062c37f8519e575f0"
  integrity sha1-WDxRgZlBngA3q7dAYsN/hRnldfA=

buffer-from@^1.0.0:
  version "1.1.1"
  resolved "http://registry.npm.taobao.org/buffer-from/download/buffer-from-1.1.1.tgz#32713bc028f75c02fdb710d7c7bcec1f2c6070ef"
  integrity sha1-MnE7wCj3XAL9txDXx7zsHyxgcO8=

csstype@^2.2.0:
  version "2.6.3"
  resolved "http://registry.npm.taobao.org/csstype/download/csstype-2.6.3.tgz#b701e5968245bf9b08d54ac83d00b624e622a9fa"
  integrity sha1-twHlloJFv5sI1UrIPQC2JOYiqfo=

diff@^3.1.0:
  version "3.5.0"
  resolved "http://registry.npm.taobao.org/diff/download/diff-3.5.0.tgz#800c0dd1e0a8bfbc95835c202ad220fe317e5a12"
  integrity sha1-gAwN0eCov7yVg1wgKtIg/jF+WhI=

hoist-non-react-statics@^3.3.0:
  version "3.3.0"
  resolved "http://registry.npm.taobao.org/hoist-non-react-statics/download/hoist-non-react-statics-3.3.0.tgz#b09178f0122184fb95acf525daaecb4d8f45958b"
  integrity sha1-sJF48BIhhPuVrPUl2q7LTY9FlYs=
  dependencies:
    react-is "^16.7.0"

invariant@^2.2.4:
  version "2.2.4"
  resolved "http://registry.npm.taobao.org/invariant/download/invariant-2.2.4.tgz#610f3c92c9359ce1db616e538008d23ff35158e6"
  integrity sha1-YQ88ksk1nOHbYW5TgAjSP/NRWOY=
  dependencies:
    loose-envify "^1.0.0"

"js-tokens@^3.0.0 || ^4.0.0":
  version "4.0.0"
  resolved "http://registry.npm.taobao.org/js-tokens/download/js-tokens-4.0.0.tgz#19203fb59991df98e3a287050d4647cdeaf32499"
  integrity sha1-GSA/tZmR35jjoocFDUZHzerzJJk=

loose-envify@^1.0.0, loose-envify@^1.1.0, loose-envify@^1.4.0:
  version "1.4.0"
  resolved "http://registry.npm.taobao.org/loose-envify/download/loose-envify-1.4.0.tgz#71ee51fa7be4caec1a63839f7e682d8132d30caf"
  integrity sha1-ce5R+nvkyuwaY4OffmgtgTLTDK8=
  dependencies:
    js-tokens "^3.0.0 || ^4.0.0"

make-error@^1.1.1:
  version "1.3.5"
  resolved "http://registry.npm.taobao.org/make-error/download/make-error-1.3.5.tgz#efe4e81f6db28cadd605c70f29c831b58ef776c8"
  integrity sha1-7+ToH22yjK3WBccPKcgxtY73dsg=

object-assign@^4.1.1:
  version "4.1.1"
  resolved "http://registry.npm.taobao.org/object-assign/download/object-assign-4.1.1.tgz#2109adc7965887cfc05cbbd442cac8bfbb360863"
  integrity sha1-IQmtx5ZYh8/AXLvUQsrIv7s2CGM=

prop-types@^15.6.2, prop-types@^15.7.2:
  version "15.7.2"
  resolved "http://registry.npm.taobao.org/prop-types/download/prop-types-15.7.2.tgz#52c41e75b8c87e72b9d9360e0206b99dcbffa6c5"
  integrity sha1-UsQedbjIfnK52TYOAga5ncv/psU=
  dependencies:
    loose-envify "^1.4.0"
    object-assign "^4.1.1"
    react-is "^16.8.1"

react-dom@^16.8.6:
  version "16.8.6"
  resolved "http://registry.npm.taobao.org/react-dom/download/react-dom-16.8.6.tgz#71d6303f631e8b0097f56165ef608f051ff6e10f"
  integrity sha1-cdYwP2MeiwCX9WFl72CPBR/24Q8=
  dependencies:
    loose-envify "^1.1.0"
    object-assign "^4.1.1"
    prop-types "^15.6.2"
    scheduler "^0.13.6"

react-is@^16.7.0, react-is@^16.8.1, react-is@^16.8.2:
  version "16.8.6"
  resolved "http://registry.npm.taobao.org/react-is/download/react-is-16.8.6.tgz#5bbc1e2d29141c9fbdfed456343fe2bc430a6a16"
  integrity sha1-W7weLSkUHJ+9/tRWND/ivEMKahY=

react-redux@^6.0.1:
  version "6.0.1"
  resolved "http://registry.npm.taobao.org/react-redux/download/react-redux-6.0.1.tgz#0d423e2c1cb10ada87293d47e7de7c329623ba4d"
  integrity sha1-DUI+LByxCtqHKT1H5958MpYjuk0=
  dependencies:
    "@babel/runtime" "^7.3.1"
    hoist-non-react-statics "^3.3.0"
    invariant "^2.2.4"
    loose-envify "^1.4.0"
    prop-types "^15.7.2"
    react-is "^16.8.2"

react@^16.8.6:
  version "16.8.6"
  resolved "http://registry.npm.taobao.org/react/download/react-16.8.6.tgz#ad6c3a9614fd3a4e9ef51117f54d888da01f2bbe"
  integrity sha1-rWw6lhT9Ok6e9REX9U2IjaAfK74=
  dependencies:
    loose-envify "^1.1.0"
    object-assign "^4.1.1"
    prop-types "^15.6.2"
    scheduler "^0.13.6"

redux@^4.0.1:
  version "4.0.1"
  resolved "http://registry.npm.taobao.org/redux/download/redux-4.0.1.tgz#436cae6cc40fbe4727689d7c8fae44808f1bfef5"
  integrity sha1-Q2yubMQPvkcnaJ18j65EgI8b/vU=
  dependencies:
    loose-envify "^1.4.0"
    symbol-observable "^1.2.0"

regenerator-runtime@^0.13.2:
  version "0.13.2"
  resolved "http://registry.npm.taobao.org/regenerator-runtime/download/regenerator-runtime-0.13.2.tgz#32e59c9a6fb9b1a4aff09b4930ca2d4477343447"
  integrity sha1-MuWcmm+5saSv8JtJMMotRHc0NEc=

scheduler@^0.13.6:
  version "0.13.6"
  resolved "http://registry.npm.taobao.org/scheduler/download/scheduler-0.13.6.tgz#466a4ec332467b31a91b9bf74e5347072e4cd889"
  integrity sha1-RmpOwzJGezGpG5v3TlNHBy5M2Ik=
  dependencies:
    loose-envify "^1.1.0"
    object-assign "^4.1.1"

source-map-support@^0.5.6:
  version "0.5.12"
  resolved "http://registry.npm.taobao.org/source-map-support/download/source-map-support-0.5.12.tgz#b4f3b10d51857a5af0138d3ce8003b201613d599"
  integrity sha1-tPOxDVGFelrwE4086AA7IBYT1Zk=
  dependencies:
    buffer-from "^1.0.0"
    source-map "^0.6.0"

source-map@^0.6.0:
  version "0.6.1"
  resolved "http://registry.npm.taobao.org/source-map/download/source-map-0.6.1.tgz#74722af32e9614e9c287a8d0bbde48b5e2f1a263"
  integrity sha1-dHIq8y6WFOnCh6jQu95IteLxomM=

symbol-observable@^1.2.0:
  version "1.2.0"
  resolved "http://registry.npm.taobao.org/symbol-observable/download/symbol-observable-1.2.0.tgz#c22688aed4eab3cdc2dfeacbb561660560a00804"
  integrity sha1-wiaIrtTqs83C3+rLtWFmBWCgCAQ=

ts-node@^8.0.3:
  version "8.0.3"
  resolved "http://registry.npm.taobao.org/ts-node/download/ts-node-8.0.3.tgz#aa60b836a24dafd8bf21b54766841a232fdbc641"
  integrity sha1-qmC4NqJNr9i/IbVHZoQaIy/bxkE=
  dependencies:
    arg "^4.1.0"
    diff "^3.1.0"
    make-error "^1.1.1"
    source-map-support "^0.5.6"
    yn "^3.0.0"

tsc@^1.20150623.0:
  version "1.20150623.0"
  resolved "http://registry.npm.taobao.org/tsc/download/tsc-1.20150623.0.tgz#4ebc3c774e169148cbc768a7342533f082c7a6e5"
  integrity sha1-Trw8d04WkUjLx2inNCUz8ILHpuU=

typescript@^3.4.2:
  version "3.4.2"
  resolved "http://registry.npm.taobao.org/typescript/download/typescript-3.4.2.tgz?cache=0&other_urls=http%3A%2F%2Fregistry.npm.taobao.org%2Ftypescript%2Fdownload%2Ftypescript-3.4.2.tgz#9ed4e6475d906f589200193be056f5913caed481"
  integrity sha1-ntTmR12Qb1iSABk74Fb1kTyu1IE=

yn@^3.0.0:
  version "3.1.0"
  resolved "http://registry.npm.taobao.org/yn/download/yn-3.1.0.tgz#fcbe2db63610361afcc5eb9e0ac91e976d046114"
  integrity sha1-/L4ttjYQNhr8xeueCskel20EYRQ=
